
Microsoft Visual Studio Solution File, Format Version 12.00
# Visual Studio Version 17
VisualStudioVersion = 17.5.002.0
MinimumVisualStudioVersion = 10.0.40219.1
Project("{9A19103F-16F7-4668-BE54-9A1E7A4F7556}") = "ParallelTest", "ParallelTest.csproj", "{EE2DF6FC-81A6-4BAB-BFBD-0C069C087389}"
EndProject
Global
	GlobalSection(SolutionConfigurationPlatforms) = preSolution
		Debug|Any CPU = Debug|Any CPU
		Release|Any CPU = Release|Any CPU
	EndGlobalSection
	GlobalSection(ProjectConfigurationPlatforms) = postSolution
		{EE2DF6FC-81A6-4BAB-BFBD-0C069C087389}.Debug|Any CPU.ActiveCfg = Debug|Any CPU
		{EE2DF6FC-81A6-4BAB-BFBD-0C069C087389}.Debug|Any CPU.Build.0 = Debug|Any CPU
		{EE2DF6FC-81A6-4BAB-BFBD-0C069C087389}.Release|Any CPU.ActiveCfg = Release|Any CPU
		{EE2DF6FC-81A6-4BAB-BFBD-0C069C087389}.Release|Any CPU.Build.0 = Release|Any CPU
	EndGlobalSection
	GlobalSection(SolutionProperties) = preSolution
		HideSolutionNode = FALSE
	EndGlobalSection
	GlobalSection(ExtensibilityGlobals) = postSolution
		SolutionGuid = {02FD9219-97AD-4D0D-B684-4EA68843F89A}
	EndGlobalSection
EndGlobal
